
Microsoft Visual Studio Solution File, Format Version 12.00
# Visual Studio 2013
VisualStudioVersion = 12.0.40629.0
MinimumVisualStudioVersion = 10.0.40219.1
Project("{FAE04EC0-301F-11D3-BF4B-00C04F79EFBC}") = "WinSln", "MSMove\WinSln.csproj", "{05F1010B-C54B-4554-AEAC-3579FC421EBD}"
EndProject
Global
	GlobalSection(SolutionConfigurationPlatforms) = preSolution
		Debug|Any CPU = Debug|Any CPU
		Release|Any CPU = Release|Any CPU
		Description = Windows Solution Provider
	EndGlobalSection
	GlobalSection(ProjectConfigurationPlatforms) = postSolution
		{05F1010B-C54B-4554-AEAC-3579FC421EBD}.Debug|Any CPU.ActiveCfg = Debug|Any CPU
		{05F1010B-C54B-4554-AEAC-3579FC421EBD}.Debug|Any CPU.Build.0 = Debug|Any CPU
		{05F1010B-C54B-4554-AEAC-3579FC421EBD}.Release|Any CPU.ActiveCfg = Release|Any CPU
		{05F1010B-C54B-4554-AEAC-3579FC421EBD}.Release|Any CPU.Build.0 = Release|Any CPU
	EndGlobalSection
	GlobalSection(SolutionProperties) = preSolution
		HideSolutionNode = FALSE
	EndGlobalSection
EndGlobal
